
Microsoft Visual Studio Solution File, Format Version 12.00
# Visual Studio Version 17
VisualStudioVersion = 17.3.32929.385
MinimumVisualStudioVersion = 10.0.40219.1
Project("{FAE04EC0-301F-11D3-BF4B-00C04F79EFBC}") = "ProjectMetaDataGenerator", "ProjectMetaDataGenerator\ProjectMetaDataGenerator.csproj", "{C6ED806A-EDC8-4278-8DDC-BDD48DFCDF0B}"
EndProject
Project("{FAE04EC0-301F-11D3-BF4B-00C04F79EFBC}") = "FileWriter.UI", "FileWriter.UI\FileWriter.UI.csproj", "{4B3DD442-B9EA-44EB-AB24-3DA3231B6F73}"
EndProject
Global
	GlobalSection(SolutionConfigurationPlatforms) = preSolution
		Debug|Any CPU = Debug|Any CPU
		Release|Any CPU = Release|Any CPU
	EndGlobalSection
	GlobalSection(ProjectConfigurationPlatforms) = postSolution
		{C6ED806A-EDC8-4278-8DDC-BDD48DFCDF0B}.Debug|Any CPU.ActiveCfg = Debug|Any CPU
		{C6ED806A-EDC8-4278-8DDC-BDD48DFCDF0B}.Debug|Any CPU.Build.0 = Debug|Any CPU
		{C6ED806A-EDC8-4278-8DDC-BDD48DFCDF0B}.Release|Any CPU.ActiveCfg = Release|Any CPU
		{C6ED806A-EDC8-4278-8DDC-BDD48DFCDF0B}.Release|Any CPU.Build.0 = Release|Any CPU
		{4B3DD442-B9EA-44EB-AB24-3DA3231B6F73}.Debug|Any CPU.ActiveCfg = Debug|Any CPU
		{4B3DD442-B9EA-44EB-AB24-3DA3231B6F73}.Debug|Any CPU.Build.0 = Debug|Any CPU
		{4B3DD442-B9EA-44EB-AB24-3DA3231B6F73}.Release|Any CPU.ActiveCfg = Release|Any CPU
		{4B3DD442-B9EA-44EB-AB24-3DA3231B6F73}.Release|Any CPU.Build.0 = Release|Any CPU
	EndGlobalSection
	GlobalSection(SolutionProperties) = preSolution
		HideSolutionNode = FALSE
	EndGlobalSection
	GlobalSection(ExtensibilityGlobals) = postSolution
		SolutionGuid = {0688D34D-48FF-444A-8A89-78313F8EA6B7}
	EndGlobalSection
EndGlobal
